
Microsoft Visual Studio Solution File, Format Version 12.00
# Visual Studio Version 17
VisualStudioVersion = 17.2.32616.157
MinimumVisualStudioVersion = 10.0.40219.1
Project("{FAE04EC0-301F-11D3-BF4B-00C04F79EFBC}") = "FactoryMethodDemo", "FactoryMethodDemo\FactoryMethodDemo.csproj", "{2A296D22-395C-4355-9FE3-234A0B351FC0}"
EndProject
Global
	GlobalSection(SolutionConfigurationPlatforms) = preSolution
		Debug|Any CPU = Debug|Any CPU
		Release|Any CPU = Release|Any CPU
	EndGlobalSection
	GlobalSection(ProjectConfigurationPlatforms) = postSolution
		{2A296D22-395C-4355-9FE3-234A0B351FC0}.Debug|Any CPU.ActiveCfg = Debug|Any CPU
		{2A296D22-395C-4355-9FE3-234A0B351FC0}.Debug|Any CPU.Build.0 = Debug|Any CPU
		{2A296D22-395C-4355-9FE3-234A0B351FC0}.Release|Any CPU.ActiveCfg = Release|Any CPU
		{2A296D22-395C-4355-9FE3-234A0B351FC0}.Release|Any CPU.Build.0 = Release|Any CPU
	EndGlobalSection
	GlobalSection(SolutionProperties) = preSolution
		HideSolutionNode = FALSE
	EndGlobalSection
	GlobalSection(ExtensibilityGlobals) = postSolution
		SolutionGuid = {FE37B76F-B23D-4A80-925A-A30976EBD127}
	EndGlobalSection
EndGlobal
