
Microsoft Visual Studio Solution File, Format Version 12.00
# Visual Studio Version 17
VisualStudioVersion = 17.2.32616.157
MinimumVisualStudioVersion = 10.0.40219.1
Project("{FAE04EC0-301F-11D3-BF4B-00C04F79EFBC}") = "AdapterAndBridgeDemo", "AdapterAndBridgeDemo\AdapterAndBridgeDemo.csproj", "{DD412D7C-208C-4AF7-8491-DB3C8C5B2AFB}"
EndProject
Global
	GlobalSection(SolutionConfigurationPlatforms) = preSolution
		Debug|Any CPU = Debug|Any CPU
		Release|Any CPU = Release|Any CPU
	EndGlobalSection
	GlobalSection(ProjectConfigurationPlatforms) = postSolution
		{DD412D7C-208C-4AF7-8491-DB3C8C5B2AFB}.Debug|Any CPU.ActiveCfg = Debug|Any CPU
		{DD412D7C-208C-4AF7-8491-DB3C8C5B2AFB}.Debug|Any CPU.Build.0 = Debug|Any CPU
		{DD412D7C-208C-4AF7-8491-DB3C8C5B2AFB}.Release|Any CPU.ActiveCfg = Release|Any CPU
		{DD412D7C-208C-4AF7-8491-DB3C8C5B2AFB}.Release|Any CPU.Build.0 = Release|Any CPU
	EndGlobalSection
	GlobalSection(SolutionProperties) = preSolution
		HideSolutionNode = FALSE
	EndGlobalSection
	GlobalSection(ExtensibilityGlobals) = postSolution
		SolutionGuid = {366975AA-7406-49F6-9B7D-E3EAF79CB5DC}
	EndGlobalSection
EndGlobal
