
Microsoft Visual Studio Solution File, Format Version 12.00
# Visual Studio Version 17
VisualStudioVersion = 17.1.32414.318
MinimumVisualStudioVersion = 10.0.40219.1
Project("{9A19103F-16F7-4668-BE54-9A1E7A4F7556}") = "Gopas", "Gopas\Gopas.csproj", "{259139D4-4B17-455A-A546-E0E25FF6585F}"
EndProject
Project("{FAE04EC0-301F-11D3-BF4B-00C04F79EFBC}") = "WinFormsApp1", "WinFormsApp1\WinFormsApp1.csproj", "{2B18130A-1EE0-4F25-B6C3-BEA9F15D8D45}"
EndProject
Global
	GlobalSection(SolutionConfigurationPlatforms) = preSolution
		Debug|Any CPU = Debug|Any CPU
		Release|Any CPU = Release|Any CPU
	EndGlobalSection
	GlobalSection(ProjectConfigurationPlatforms) = postSolution
		{259139D4-4B17-455A-A546-E0E25FF6585F}.Debug|Any CPU.ActiveCfg = Debug|Any CPU
		{259139D4-4B17-455A-A546-E0E25FF6585F}.Debug|Any CPU.Build.0 = Debug|Any CPU
		{259139D4-4B17-455A-A546-E0E25FF6585F}.Release|Any CPU.ActiveCfg = Release|Any CPU
		{259139D4-4B17-455A-A546-E0E25FF6585F}.Release|Any CPU.Build.0 = Release|Any CPU
		{2B18130A-1EE0-4F25-B6C3-BEA9F15D8D45}.Debug|Any CPU.ActiveCfg = Debug|Any CPU
		{2B18130A-1EE0-4F25-B6C3-BEA9F15D8D45}.Debug|Any CPU.Build.0 = Debug|Any CPU
		{2B18130A-1EE0-4F25-B6C3-BEA9F15D8D45}.Release|Any CPU.ActiveCfg = Release|Any CPU
		{2B18130A-1EE0-4F25-B6C3-BEA9F15D8D45}.Release|Any CPU.Build.0 = Release|Any CPU
	EndGlobalSection
	GlobalSection(SolutionProperties) = preSolution
		HideSolutionNode = FALSE
	EndGlobalSection
	GlobalSection(ExtensibilityGlobals) = postSolution
		SolutionGuid = {467A4BB3-AD09-4856-8036-523E6A6F45BB}
	EndGlobalSection
EndGlobal
