
Microsoft Visual Studio Solution File, Format Version 12.00
# Visual Studio Version 17
VisualStudioVersion = 17.2.32616.157
MinimumVisualStudioVersion = 10.0.40219.1
Project("{FAE04EC0-301F-11D3-BF4B-00C04F79EFBC}") = "StrategyDemo", "StrategyDemo\StrategyDemo.csproj", "{97FA311B-62BD-4777-A0E3-5E448A68B97E}"
EndProject
Global
	GlobalSection(SolutionConfigurationPlatforms) = preSolution
		Debug|Any CPU = Debug|Any CPU
		Release|Any CPU = Release|Any CPU
	EndGlobalSection
	GlobalSection(ProjectConfigurationPlatforms) = postSolution
		{97FA311B-62BD-4777-A0E3-5E448A68B97E}.Debug|Any CPU.ActiveCfg = Debug|Any CPU
		{97FA311B-62BD-4777-A0E3-5E448A68B97E}.Debug|Any CPU.Build.0 = Debug|Any CPU
		{97FA311B-62BD-4777-A0E3-5E448A68B97E}.Release|Any CPU.ActiveCfg = Release|Any CPU
		{97FA311B-62BD-4777-A0E3-5E448A68B97E}.Release|Any CPU.Build.0 = Release|Any CPU
	EndGlobalSection
	GlobalSection(SolutionProperties) = preSolution
		HideSolutionNode = FALSE
	EndGlobalSection
	GlobalSection(ExtensibilityGlobals) = postSolution
		SolutionGuid = {A1EA4B95-67B1-47E3-B28C-F5EBF5C9739B}
	EndGlobalSection
EndGlobal
