
Microsoft Visual Studio Solution File, Format Version 12.00
# Visual Studio Version 17
VisualStudioVersion = 17.2.32616.157
MinimumVisualStudioVersion = 10.0.40219.1
Project("{FAE04EC0-301F-11D3-BF4B-00C04F79EFBC}") = "WebMVCDemo", "WebMVCDemo\WebMVCDemo.csproj", "{44F54899-9FE6-4779-B8F8-1726E15E3241}"
EndProject
Global
	GlobalSection(SolutionConfigurationPlatforms) = preSolution
		Debug|Any CPU = Debug|Any CPU
		Release|Any CPU = Release|Any CPU
	EndGlobalSection
	GlobalSection(ProjectConfigurationPlatforms) = postSolution
		{44F54899-9FE6-4779-B8F8-1726E15E3241}.Debug|Any CPU.ActiveCfg = Debug|Any CPU
		{44F54899-9FE6-4779-B8F8-1726E15E3241}.Debug|Any CPU.Build.0 = Debug|Any CPU
		{44F54899-9FE6-4779-B8F8-1726E15E3241}.Release|Any CPU.ActiveCfg = Release|Any CPU
		{44F54899-9FE6-4779-B8F8-1726E15E3241}.Release|Any CPU.Build.0 = Release|Any CPU
	EndGlobalSection
	GlobalSection(SolutionProperties) = preSolution
		HideSolutionNode = FALSE
	EndGlobalSection
	GlobalSection(ExtensibilityGlobals) = postSolution
		SolutionGuid = {EF0B70C3-389B-4778-927E-3780D3902988}
	EndGlobalSection
EndGlobal
